<?xml version="1.0" encoding="utf-8"?>
<Project ToolsVersion="4.0" xmlns="http://schemas.microsoft.com/developer/msbuild/2003">
  <ItemGroup>
    <Filter Include="Source Files">
      <UniqueIdentifier>{4FC737F1-C7A5-4376-A066-2A32D752A2FF}</UniqueIdentifier>
      <Extensions>cpp;c;cc;cxx;def;odl;idl;hpj;bat;asm;asmx</Extensions>
    </Filter>
    <Filter Include="Header Files">
      <UniqueIdentifier>{93995380-89BD-4b04-88EB-625FBE52EBFB}</UniqueIdentifier>
      <Extensions>h;hh;hpp;hxx;hm;inl;inc;xsd</Extensions>
    </Filter>
    <Filter Include="Misc Files">
      <UniqueIdentifier>{67DA6AB6-F800-4c08-8B7A-83BB121AAD01}</UniqueIdentifier>
      <Extensions>xml;json;txt;rc;ico;cur;bmp;dlg;rc2;rct;bin;rgs;gif;jpg;jpeg;jpe;resx;tiff;tif;png;wav;mfcribbon-ms</Extensions>
    </Filter>
  </ItemGroup>
  <ItemGroup>
    <ClCompile Include="CryptoLoRa.ino" />
    <ClCompile Include="src\BackgroundTasks\BackgroundTask.cpp">
      <Filter>Source Files</Filter>
    </ClCompile>
    <ClCompile Include="src\crypto\AES128.cpp">
      <Filter>Source Files</Filter>
    </ClCompile>
    <ClCompile Include="src\crypto\RSA2048.cpp">
      <Filter>Source Files</Filter>
    </ClCompile>
    <ClCompile Include="src\crypto\RSAKeyPair.cpp">
      <Filter>Source Files</Filter>
    </ClCompile>
    <ClCompile Include="src\crypto\Sha256.cpp">
      <Filter>Source Files</Filter>
    </ClCompile>
    <ClCompile Include="src\logger\Logger.cpp">
      <Filter>Source Files</Filter>
    </ClCompile>
    <ClCompile Include="src\LoRa\data\Compressor.cpp">
      <Filter>Source Files</Filter>
    </ClCompile>
    <ClCompile Include="src\LoRa\data\Packet.cpp">
      <Filter>Source Files</Filter>
    </ClCompile>
    <ClCompile Include="src\LoRa\data\Payload.cpp">
      <Filter>Source Files</Filter>
    </ClCompile>
    <ClCompile Include="src\LoRa\EncryptedLoRaClient.cpp">
      <Filter>Source Files</Filter>
    </ClCompile>
    <ClCompile Include="src\LoRa\LoRaClient.cpp">
      <Filter>Source Files</Filter>
    </ClCompile>
    <ClCompile Include="src\TFT\TFTDisplay.cpp">
      <Filter>Source Files</Filter>
    </ClCompile>
    <ClCompile Include="src\TFT\TFTNoDisplay.cpp">
      <Filter>Source Files</Filter>
    </ClCompile>
    <ClCompile Include="src\crypto\Base64.cpp">
      <Filter>Source Files</Filter>
    </ClCompile>
  </ItemGroup>
  <ItemGroup>
    <ClInclude Include="__vm\.CryptoLoRa.vsarduino.h">
      <Filter>Header Files</Filter>
    </ClInclude>
    <ClInclude Include="src\BackgroundTasks\BackgroundTask.h">
      <Filter>Header Files</Filter>
    </ClInclude>
    <ClInclude Include="src\crypto\AES128.h">
      <Filter>Header Files</Filter>
    </ClInclude>
    <ClInclude Include="src\crypto\Crypto.h">
      <Filter>Header Files</Filter>
    </ClInclude>
    <ClInclude Include="src\crypto\Keys.h">
      <Filter>Header Files</Filter>
    </ClInclude>
    <ClInclude Include="src\crypto\RSA2048.h">
      <Filter>Header Files</Filter>
    </ClInclude>
    <ClInclude Include="src\crypto\RSAKeyPair.h">
      <Filter>Header Files</Filter>
    </ClInclude>
    <ClInclude Include="src\crypto\SHA256.h">
      <Filter>Header Files</Filter>
    </ClInclude>
    <ClInclude Include="src\logger\Logger.h">
      <Filter>Header Files</Filter>
    </ClInclude>
    <ClInclude Include="src\LoRa\data\Compressor.h">
      <Filter>Header Files</Filter>
    </ClInclude>
    <ClInclude Include="src\LoRa\data\Packet.h">
      <Filter>Header Files</Filter>
    </ClInclude>
    <ClInclude Include="src\LoRa\data\Payload.h">
      <Filter>Header Files</Filter>
    </ClInclude>
    <ClInclude Include="src\LoRa\EncryptedLoRaClient.h">
      <Filter>Header Files</Filter>
    </ClInclude>
    <ClInclude Include="src\LoRa\LoRaClient.h">
      <Filter>Header Files</Filter>
    </ClInclude>
    <ClInclude Include="src\LoRa\LoRaWrapper.h">
      <Filter>Header Files</Filter>
    </ClInclude>
    <ClInclude Include="src\LoRa\Peer.h">
      <Filter>Header Files</Filter>
    </ClInclude>
    <ClInclude Include="src\TFT\TFTDisplay.h">
      <Filter>Header Files</Filter>
    </ClInclude>
    <ClInclude Include="src\TFT\TFTDisplayExtensions.h">
      <Filter>Header Files</Filter>
    </ClInclude>
    <ClInclude Include="src\crypto\Base64.h">
      <Filter>Header Files</Filter>
    </ClInclude>
  </ItemGroup>
</Project>